<?xml version="1.0" encoding="UTF-8"?>
<Scheme
   LastUpgradeVersion = "0730"
   version = "1.3">
   <BuildAction
      parallelizeBuildables = "YES"
      buildImplicitDependencies = "YES">
      <BuildActionEntries>
         <BuildActionEntry
            buildForTesting = "YES"
            buildForRunning = "YES"
            buildForProfiling = "YES"
            buildForArchiving = "YES"
            buildForAnalyzing = "YES">
            <BuildableReference
               BuildableIdentifier = "primary"
               BlueprintIdentifier = "B032C2B51D6E1D8C00B922D9"
               BuildableName = "python"
               BlueprintName = "python"
               ReferencedContainer = "container:python.xcodeproj">
            </BuildableReference>
         </BuildActionEntry>
      </BuildActionEntries>
   </BuildAction>
   <TestAction
      buildConfiguration = "Debug"
      selectedDebuggerIdentifier = "Xcode.DebuggerFoundation.Debugger.LLDB"
      selectedLauncherIdentifier = "Xcode.DebuggerFoundation.Launcher.LLDB"
      shouldUseLaunchSchemeArgsEnv = "YES">
      <Testables>
      </Testables>
      <AdditionalOptions>
      </AdditionalOptions>
   </TestAction>
   <LaunchAction
      buildConfiguration = "Debug"
      selectedDebuggerIdentifier = ""
      selectedLauncherIdentifier = "Xcode.IDEFoundation.Launcher.PosixSpawn"
      launchStyle = "0"
      useCustomWorkingDirectory = "YES"
      customWorkingDirectory = "/Users/naoki/Desktop/python"
      ignoresPersistentStateOnLaunch = "NO"
      debugDocumentVersioning = "YES"
      debugServiceExtension = "internal"
      allowLocationSimulation = "YES">
      <PathRunnable
         runnableDebuggingMode = "0"
         FilePath = "/usr/bin/python">
      </PathRunnable>
      <MacroExpansion>
         <BuildableReference
            BuildableIdentifier = "primary"
            BlueprintIdentifier = "B032C2B51D6E1D8C00B922D9"
            BuildableName = "python"
            BlueprintName = "python"
            ReferencedContainer = "container:python.xcodeproj">
         </BuildableReference>
      </MacroExpansion>
      <CommandLineArguments>
         <CommandLineArgument
            argument = "hello.py"
            isEnabled = "NO">
         </CommandLineArgument>
         <CommandLineArgument
            argument = "tokenizing.py"
            isEnabled = "YES">
         </CommandLineArgument>
         <CommandLineArgument
            argument = "mybayes.py"
            isEnabled = "NO">
         </CommandLineArgument>
         <CommandLineArgument
            argument = "bayes.py"
            isEnabled = "NO">
         </CommandLineArgument>
         <CommandLineArgument
            argument = "myTreePlotter.py"
            isEnabled = "NO">
         </CommandLineArgument>
         <CommandLineArgument
            argument = "treePlotter.py"
            isEnabled = "NO">
         </CommandLineArgument>
         <CommandLineArgument
            argument = "trees.py"
            isEnabled = "NO">
         </CommandLineArgument>
         <CommandLineArgument
            argument = "treesF.py"
            isEnabled = "NO">
         </CommandLineArgument>
         <CommandLineArgument
            argument = "myTrees.py"
            isEnabled = "NO">
         </CommandLineArgument>
         <CommandLineArgument
            argument = "trees.py"
            isEnabled = "NO">
         </CommandLineArgument>
         <CommandLineArgument
            argument = "myHandwritten.py"
            isEnabled = "NO">
         </CommandLineArgument>
         <CommandLineArgument
            argument = "myTest.py"
            isEnabled = "NO">
         </CommandLineArgument>
         <CommandLineArgument
            argument = "myclassfying.py"
            isEnabled = "NO">
         </CommandLineArgument>
         <CommandLineArgument
            argument = "myNorm.py"
            isEnabled = "NO">
         </CommandLineArgument>
         <CommandLineArgument
            argument = "kNN.py"
            isEnabled = "NO">
         </CommandLineArgument>
         <CommandLineArgument
            argument = "MLinA.py"
            isEnabled = "NO">
         </CommandLineArgument>
         <CommandLineArgument
            argument = "pandas"
            isEnabled = "NO">
         </CommandLineArgument>
         <CommandLineArgument
            argument = "NumPy.py"
            isEnabled = "NO">
         </CommandLineArgument>
         <CommandLineArgument
            argument = "graph.py"
            isEnabled = "NO">
         </CommandLineArgument>
      </CommandLineArguments>
      <AdditionalOptions>
      </AdditionalOptions>
   </LaunchAction>
   <ProfileAction
      buildConfiguration = "Release"
      shouldUseLaunchSchemeArgsEnv = "YES"
      savedToolIdentifier = ""
      useCustomWorkingDirectory = "NO"
      debugDocumentVersioning = "YES">
      <MacroExpansion>
         <BuildableReference
            BuildableIdentifier = "primary"
            BlueprintIdentifier = "B032C2B51D6E1D8C00B922D9"
            BuildableName = "python"
            BlueprintName = "python"
            ReferencedContainer = "container:python.xcodeproj">
         </BuildableReference>
      </MacroExpansion>
   </ProfileAction>
   <AnalyzeAction
      buildConfiguration = "Debug">
   </AnalyzeAction>
   <ArchiveAction
      buildConfiguration = "Release"
      revealArchiveInOrganizer = "YES">
   </ArchiveAction>
</Scheme>
